
Microsoft Visual Studio Solution File, Format Version 12.00
# Visual Studio Version 17
VisualStudioVersion = 17.5.33414.496
MinimumVisualStudioVersion = 10.0.40219.1
Project("{8BC9CEB8-8B4A-11D0-8D11-00A0C91BC942}") = "Project", "AXX\AXX.vcxproj", "{9D5DCB20-1CD3-42AE-820D-09E1631ECD78}"
EndProject
Global
	GlobalSection(SolutionConfigurationPlatforms) = preSolution
		Debug|x64 = Debug|x64
		Debug|x86 = Debug|x86
		DesktopBuddy|x64 = DesktopBuddy|x64
		DesktopBuddy|x86 = DesktopBuddy|x86
		PortatileBuddy|x64 = PortatileBuddy|x64
		PortatileBuddy|x86 = PortatileBuddy|x86
		Release|x64 = Release|x64
		Release|x86 = Release|x86
	EndGlobalSection
	GlobalSection(ProjectConfigurationPlatforms) = postSolution
		{9D5DCB20-1CD3-42AE-820D-09E1631ECD78}.Debug|x64.ActiveCfg = Debug|x64
		{9D5DCB20-1CD3-42AE-820D-09E1631ECD78}.Debug|x64.Build.0 = Debug|x64
		{9D5DCB20-1CD3-42AE-820D-09E1631ECD78}.Debug|x86.ActiveCfg = Debug|Win32
		{9D5DCB20-1CD3-42AE-820D-09E1631ECD78}.Debug|x86.Build.0 = Debug|Win32
		{9D5DCB20-1CD3-42AE-820D-09E1631ECD78}.DesktopBuddy|x64.ActiveCfg = DesktopBuddy|x64
		{9D5DCB20-1CD3-42AE-820D-09E1631ECD78}.DesktopBuddy|x64.Build.0 = DesktopBuddy|x64
		{9D5DCB20-1CD3-42AE-820D-09E1631ECD78}.DesktopBuddy|x86.ActiveCfg = DesktopBuddy|Win32
		{9D5DCB20-1CD3-42AE-820D-09E1631ECD78}.DesktopBuddy|x86.Build.0 = DesktopBuddy|Win32
		{9D5DCB20-1CD3-42AE-820D-09E1631ECD78}.PortatileBuddy|x64.ActiveCfg = PortatileBuddy|x64
		{9D5DCB20-1CD3-42AE-820D-09E1631ECD78}.PortatileBuddy|x64.Build.0 = PortatileBuddy|x64
		{9D5DCB20-1CD3-42AE-820D-09E1631ECD78}.PortatileBuddy|x86.ActiveCfg = PortatileBuddy|Win32
		{9D5DCB20-1CD3-42AE-820D-09E1631ECD78}.PortatileBuddy|x86.Build.0 = PortatileBuddy|Win32
		{9D5DCB20-1CD3-42AE-820D-09E1631ECD78}.Release|x64.ActiveCfg = Release|x64
		{9D5DCB20-1CD3-42AE-820D-09E1631ECD78}.Release|x64.Build.0 = Release|x64
		{9D5DCB20-1CD3-42AE-820D-09E1631ECD78}.Release|x86.ActiveCfg = Release|Win32
		{9D5DCB20-1CD3-42AE-820D-09E1631ECD78}.Release|x86.Build.0 = Release|Win32
	EndGlobalSection
	GlobalSection(SolutionProperties) = preSolution
		HideSolutionNode = FALSE
	EndGlobalSection
	GlobalSection(ExtensibilityGlobals) = postSolution
		SolutionGuid = {DAEC0DFD-CA41-4943-8112-EF20789122CC}
	EndGlobalSection
EndGlobal
